
Microsoft Visual Studio Solution File, Format Version 12.00
# Visual Studio Version 17
VisualStudioVersion = 17.7.34221.43
MinimumVisualStudioVersion = 10.0.40219.1
Project("{FAE04EC0-301F-11D3-BF4B-00C04F79EFBC}") = "Aleshko_lab5", "Aleshko_lab5\Aleshko_lab5.csproj", "{4FC89FCF-CB36-4CD3-A4AC-794B75F5343C}"
EndProject
Global
	GlobalSection(SolutionConfigurationPlatforms) = preSolution
		Debug|Any CPU = Debug|Any CPU
		Release|Any CPU = Release|Any CPU
	EndGlobalSection
	GlobalSection(ProjectConfigurationPlatforms) = postSolution
		{4FC89FCF-CB36-4CD3-A4AC-794B75F5343C}.Debug|Any CPU.ActiveCfg = Debug|Any CPU
		{4FC89FCF-CB36-4CD3-A4AC-794B75F5343C}.Debug|Any CPU.Build.0 = Debug|Any CPU
		{4FC89FCF-CB36-4CD3-A4AC-794B75F5343C}.Release|Any CPU.ActiveCfg = Release|Any CPU
		{4FC89FCF-CB36-4CD3-A4AC-794B75F5343C}.Release|Any CPU.Build.0 = Release|Any CPU
	EndGlobalSection
	GlobalSection(SolutionProperties) = preSolution
		HideSolutionNode = FALSE
	EndGlobalSection
	GlobalSection(ExtensibilityGlobals) = postSolution
		SolutionGuid = {E6135DC0-836C-4B51-B7C7-14C4C05537C6}
	EndGlobalSection
EndGlobal
