
Microsoft Visual Studio Solution File, Format Version 12.00
# Visual Studio Version 17
VisualStudioVersion = 17.7.34221.43
MinimumVisualStudioVersion = 10.0.40219.1
Project("{8BC9CEB8-8B4A-11D0-8D11-00A0C91BC942}") = "aleshko_lab3", "aleshko_lab3\aleshko_lab3.vcxproj", "{D3EE0035-71CC-40C4-8622-49EBFCE28ECE}"
EndProject
Global
	GlobalSection(SolutionConfigurationPlatforms) = preSolution
		Debug|x64 = Debug|x64
		Debug|x86 = Debug|x86
		Release|x64 = Release|x64
		Release|x86 = Release|x86
	EndGlobalSection
	GlobalSection(ProjectConfigurationPlatforms) = postSolution
		{D3EE0035-71CC-40C4-8622-49EBFCE28ECE}.Debug|x64.ActiveCfg = Debug|x64
		{D3EE0035-71CC-40C4-8622-49EBFCE28ECE}.Debug|x64.Build.0 = Debug|x64
		{D3EE0035-71CC-40C4-8622-49EBFCE28ECE}.Debug|x86.ActiveCfg = Debug|Win32
		{D3EE0035-71CC-40C4-8622-49EBFCE28ECE}.Debug|x86.Build.0 = Debug|Win32
		{D3EE0035-71CC-40C4-8622-49EBFCE28ECE}.Release|x64.ActiveCfg = Release|x64
		{D3EE0035-71CC-40C4-8622-49EBFCE28ECE}.Release|x64.Build.0 = Release|x64
		{D3EE0035-71CC-40C4-8622-49EBFCE28ECE}.Release|x86.ActiveCfg = Release|Win32
		{D3EE0035-71CC-40C4-8622-49EBFCE28ECE}.Release|x86.Build.0 = Release|Win32
	EndGlobalSection
	GlobalSection(SolutionProperties) = preSolution
		HideSolutionNode = FALSE
	EndGlobalSection
	GlobalSection(ExtensibilityGlobals) = postSolution
		SolutionGuid = {11BD81F4-5DBB-4C95-83AE-46DA3DDE91FE}
	EndGlobalSection
EndGlobal
